
Microsoft Visual Studio Solution File, Format Version 12.00
# Visual Studio Version 16
VisualStudioVersion = 16.0.29926.136
MinimumVisualStudioVersion = 10.0.40219.1
Project("{9A19103F-16F7-4668-BE54-9A1E7A4F7556}") = "Website_Background", "Website_Background\Website_Background.csproj", "{B4E9D628-4776-4A06-93CB-894DEC7684BE}"
EndProject
Project("{9A19103F-16F7-4668-BE54-9A1E7A4F7556}") = "Angular", "Template\Angular\Angular.csproj", "{FF3D1A94-6569-40EB-B129-11F4C0D5AA7A}"
EndProject
Project("{9A19103F-16F7-4668-BE54-9A1E7A4F7556}") = "API", "Template\API\API.csproj", "{AAB6B05E-D086-4F64-A304-4BAA4B676009}"
EndProject
Project("{9A19103F-16F7-4668-BE54-9A1E7A4F7556}") = "Bare", "Template\Bare\Bare.csproj", "{6F8C4D64-557E-4C1E-8C6A-C1C7F42C0029}"
EndProject
Project("{9A19103F-16F7-4668-BE54-9A1E7A4F7556}") = "MVC", "Template\MVC\MVC.csproj", "{420B2660-63BB-48A3-BA90-C2ED099BDA7A}"
EndProject
Project("{9A19103F-16F7-4668-BE54-9A1E7A4F7556}") = "React", "Template\React\React.csproj", "{98FB6691-B642-4B50-9669-072247E3581F}"
EndProject
Project("{9A19103F-16F7-4668-BE54-9A1E7A4F7556}") = "React_Redux", "Template\React_Redux\React_Redux.csproj", "{DF931792-A395-4D8C-8F0A-76742F549775}"
EndProject
Global
	GlobalSection(SolutionConfigurationPlatforms) = preSolution
		Debug|Any CPU = Debug|Any CPU
		Release|Any CPU = Release|Any CPU
	EndGlobalSection
	GlobalSection(ProjectConfigurationPlatforms) = postSolution
		{B4E9D628-4776-4A06-93CB-894DEC7684BE}.Debug|Any CPU.ActiveCfg = Debug|Any CPU
		{B4E9D628-4776-4A06-93CB-894DEC7684BE}.Debug|Any CPU.Build.0 = Debug|Any CPU
		{B4E9D628-4776-4A06-93CB-894DEC7684BE}.Release|Any CPU.ActiveCfg = Release|Any CPU
		{B4E9D628-4776-4A06-93CB-894DEC7684BE}.Release|Any CPU.Build.0 = Release|Any CPU
		{FF3D1A94-6569-40EB-B129-11F4C0D5AA7A}.Debug|Any CPU.ActiveCfg = Debug|Any CPU
		{FF3D1A94-6569-40EB-B129-11F4C0D5AA7A}.Debug|Any CPU.Build.0 = Debug|Any CPU
		{FF3D1A94-6569-40EB-B129-11F4C0D5AA7A}.Release|Any CPU.ActiveCfg = Release|Any CPU
		{FF3D1A94-6569-40EB-B129-11F4C0D5AA7A}.Release|Any CPU.Build.0 = Release|Any CPU
		{AAB6B05E-D086-4F64-A304-4BAA4B676009}.Debug|Any CPU.ActiveCfg = Debug|Any CPU
		{AAB6B05E-D086-4F64-A304-4BAA4B676009}.Debug|Any CPU.Build.0 = Debug|Any CPU
		{AAB6B05E-D086-4F64-A304-4BAA4B676009}.Release|Any CPU.ActiveCfg = Release|Any CPU
		{AAB6B05E-D086-4F64-A304-4BAA4B676009}.Release|Any CPU.Build.0 = Release|Any CPU
		{6F8C4D64-557E-4C1E-8C6A-C1C7F42C0029}.Debug|Any CPU.ActiveCfg = Debug|Any CPU
		{6F8C4D64-557E-4C1E-8C6A-C1C7F42C0029}.Debug|Any CPU.Build.0 = Debug|Any CPU
		{6F8C4D64-557E-4C1E-8C6A-C1C7F42C0029}.Release|Any CPU.ActiveCfg = Release|Any CPU
		{6F8C4D64-557E-4C1E-8C6A-C1C7F42C0029}.Release|Any CPU.Build.0 = Release|Any CPU
		{420B2660-63BB-48A3-BA90-C2ED099BDA7A}.Debug|Any CPU.ActiveCfg = Debug|Any CPU
		{420B2660-63BB-48A3-BA90-C2ED099BDA7A}.Debug|Any CPU.Build.0 = Debug|Any CPU
		{420B2660-63BB-48A3-BA90-C2ED099BDA7A}.Release|Any CPU.ActiveCfg = Release|Any CPU
		{420B2660-63BB-48A3-BA90-C2ED099BDA7A}.Release|Any CPU.Build.0 = Release|Any CPU
		{98FB6691-B642-4B50-9669-072247E3581F}.Debug|Any CPU.ActiveCfg = Debug|Any CPU
		{98FB6691-B642-4B50-9669-072247E3581F}.Debug|Any CPU.Build.0 = Debug|Any CPU
		{98FB6691-B642-4B50-9669-072247E3581F}.Release|Any CPU.ActiveCfg = Release|Any CPU
		{98FB6691-B642-4B50-9669-072247E3581F}.Release|Any CPU.Build.0 = Release|Any CPU
		{DF931792-A395-4D8C-8F0A-76742F549775}.Debug|Any CPU.ActiveCfg = Debug|Any CPU
		{DF931792-A395-4D8C-8F0A-76742F549775}.Debug|Any CPU.Build.0 = Debug|Any CPU
		{DF931792-A395-4D8C-8F0A-76742F549775}.Release|Any CPU.ActiveCfg = Release|Any CPU
		{DF931792-A395-4D8C-8F0A-76742F549775}.Release|Any CPU.Build.0 = Release|Any CPU
	EndGlobalSection
	GlobalSection(SolutionProperties) = preSolution
		HideSolutionNode = FALSE
	EndGlobalSection
	GlobalSection(ExtensibilityGlobals) = postSolution
		SolutionGuid = {67B91B7E-A535-4C66-BB13-4E659F243A0E}
	EndGlobalSection
EndGlobal
